<?xml version="1.0" encoding="utf-8"?>
<Project ToolsVersion="4.0" xmlns="http://schemas.microsoft.com/developer/msbuild/2003">
  <ItemGroup>
    <Filter Include="src">
      <UniqueIdentifier>{8f42376f-2a71-478b-99e0-b8fe0f4c31b2}</UniqueIdentifier>
      <Extensions>.cpp</Extensions>
    </Filter>
    <Filter Include="scripts">
      <UniqueIdentifier>{681c502a-e7b2-4dd1-9c0e-b20fe1db8295}</UniqueIdentifier>
    </Filter>
    <Filter Include="src\opengl">
      <UniqueIdentifier>{f563cf4c-7295-4b8c-a220-5d0dff8204e2}</UniqueIdentifier>
    </Filter>
    <Filter Include="src\opengl\generated">
      <UniqueIdentifier>{003978f1-a887-4670-b027-0811648c0c7c}</UniqueIdentifier>
    </Filter>
  </ItemGroup>
  <ItemGroup>
    <ClCompile Include="src\main.cpp">
      <Filter>src</Filter>
    </ClCompile>
    <ClCompile Include="src\gameview.cpp">
      <Filter>src</Filter>
    </ClCompile>
    <ClCompile Include="src\windowsgameview.cpp">
      <Filter>src</Filter>
    </ClCompile>
    <ClCompile Include="src\renderer.cpp">
      <Filter>src</Filter>
    </ClCompile>
    <ClCompile Include="src\opengl\rocket_opengl.cpp">
      <Filter>src\opengl</Filter>
    </ClCompile>
    <ClCompile Include="src\opengl\glvertexbuffer.cpp">
      <Filter>src\opengl</Filter>
    </ClCompile>
    <ClCompile Include="src\vertexbuffer.cpp">
      <Filter>src</Filter>
    </ClCompile>
    <ClCompile Include="src\windowsopenglrenderer.cpp">
      <Filter>src</Filter>
    </ClCompile>
    <ClCompile Include="src\shader.cpp">
      <Filter>src</Filter>
    </ClCompile>
    <ClCompile Include="src\opengl\glshader.cpp">
      <Filter>src\opengl</Filter>
    </ClCompile>
    <ClCompile Include="src\opengl\gltexture.cpp">
      <Filter>src\opengl</Filter>
    </ClCompile>
    <ClCompile Include="src\texture.cpp">
      <Filter>src</Filter>
    </ClCompile>
  </ItemGroup>
  <ItemGroup>
    <ClInclude Include="src\gameview.h">
      <Filter>src</Filter>
    </ClInclude>
    <ClInclude Include="src\windowsgameview.h">
      <Filter>src</Filter>
    </ClInclude>
    <ClInclude Include="src\renderer.h">
      <Filter>src</Filter>
    </ClInclude>
    <ClInclude Include="src\opengl\rocket_opengl.h">
      <Filter>src\opengl</Filter>
    </ClInclude>
    <ClInclude Include="src\opengl\glcorearb.h">
      <Filter>src\opengl</Filter>
    </ClInclude>
    <ClInclude Include="src\vertexbuffer.h">
      <Filter>src</Filter>
    </ClInclude>
    <ClInclude Include="src\opengl\glvertexbuffer.h">
      <Filter>src\opengl</Filter>
    </ClInclude>
    <ClInclude Include="src\windowsopenglrenderer.h">
      <Filter>src</Filter>
    </ClInclude>
    <ClInclude Include="src\shader.h">
      <Filter>src</Filter>
    </ClInclude>
    <ClInclude Include="src\opengl\glshader.h">
      <Filter>src\opengl</Filter>
    </ClInclude>
    <ClInclude Include="src\opengl\gltexture.h">
      <Filter>src\opengl</Filter>
    </ClInclude>
    <ClInclude Include="src\texture.h">
      <Filter>src</Filter>
    </ClInclude>
  </ItemGroup>
  <ItemGroup>
    <None Include="scripts\gen_gl_core.py">
      <Filter>scripts</Filter>
    </None>
    <None Include="src\opengl\generated\gldecl.inl">
      <Filter>src\opengl\generated</Filter>
    </None>
    <None Include="src\opengl\generated\glsetup.inl">
      <Filter>src\opengl\generated</Filter>
    </None>
    <None Include="src\opengl\generated\gldefn.inl">
      <Filter>src\opengl\generated</Filter>
    </None>
  </ItemGroup>
  <ItemGroup>
    <Text Include="scripts\data_gl_core.txt">
      <Filter>scripts</Filter>
    </Text>
  </ItemGroup>
</Project>